<?xml version="1.0" encoding="utf-8"?>
<Project ToolsVersion="4.0" xmlns="http://schemas.microsoft.com/developer/msbuild/2003">
  <ItemGroup>
    <ClCompile Include="C:\RevoCore\src\server\collision\PrecompiledHeaders\collisionPCH.cpp">
      <Filter>Source Files</Filter>
    </ClCompile>
    <ClCompile Include="C:\RevoCore\src\server\collision\Management\VMapFactory.cpp">
      <Filter>Source Files</Filter>
    </ClCompile>
    <ClCompile Include="C:\RevoCore\src\server\collision\Management\VMapManager2.cpp">
      <Filter>Source Files</Filter>
    </ClCompile>
    <ClCompile Include="C:\RevoCore\src\server\collision\Maps\MapTree.cpp">
      <Filter>Source Files</Filter>
    </ClCompile>
    <ClCompile Include="C:\RevoCore\src\server\collision\Maps\TileAssembler.cpp">
      <Filter>Source Files</Filter>
    </ClCompile>
    <ClCompile Include="C:\RevoCore\src\server\collision\Models\ModelInstance.cpp">
      <Filter>Source Files</Filter>
    </ClCompile>
    <ClCompile Include="C:\RevoCore\src\server\collision\Models\WorldModel.cpp">
      <Filter>Source Files</Filter>
    </ClCompile>
    <ClCompile Include="C:\RevoCore\src\server\collision\BoundingIntervalHierarchy.cpp">
      <Filter>Source Files</Filter>
    </ClCompile>
  </ItemGroup>
  <ItemGroup>
    <ClInclude Include="C:\RevoCore\src\server\collision\PrecompiledHeaders\collisionPCH.h">
      <Filter>Header Files</Filter>
    </ClInclude>
    <ClInclude Include="C:\RevoCore\src\server\collision\Management\IVMapManager.h">
      <Filter>Header Files</Filter>
    </ClInclude>
    <ClInclude Include="C:\RevoCore\src\server\collision\Management\VMapFactory.h">
      <Filter>Header Files</Filter>
    </ClInclude>
    <ClInclude Include="C:\RevoCore\src\server\collision\Management\VMapManager2.h">
      <Filter>Header Files</Filter>
    </ClInclude>
    <ClInclude Include="C:\RevoCore\src\server\collision\Maps\MapTree.h">
      <Filter>Header Files</Filter>
    </ClInclude>
    <ClInclude Include="C:\RevoCore\src\server\collision\Maps\TileAssembler.h">
      <Filter>Header Files</Filter>
    </ClInclude>
    <ClInclude Include="C:\RevoCore\src\server\collision\Models\ModelInstance.h">
      <Filter>Header Files</Filter>
    </ClInclude>
    <ClInclude Include="C:\RevoCore\src\server\collision\Models\WorldModel.h">
      <Filter>Header Files</Filter>
    </ClInclude>
    <ClInclude Include="C:\RevoCore\src\server\collision\BoundingIntervalHierarchy.h">
      <Filter>Header Files</Filter>
    </ClInclude>
    <ClInclude Include="C:\RevoCore\src\server\collision\VMapDefinitions.h">
      <Filter>Header Files</Filter>
    </ClInclude>
    <ClInclude Include="C:\RevoCore\src\server\collision\VMapTools.h">
      <Filter>Header Files</Filter>
    </ClInclude>
  </ItemGroup>
  <ItemGroup>
  </ItemGroup>
  <ItemGroup>
  </ItemGroup>
  <ItemGroup>
    <CustomBuild Include="..\..\..\..\src\server\collision\CMakeLists.txt" />
  </ItemGroup>
  <ItemGroup>
    <Filter Include="Source Files">
      <UniqueIdentifier>{5A2540FF-F0B7-45D7-8301-4CA481CC8F6E}</UniqueIdentifier>
    </Filter>
    <Filter Include="Header Files">
      <UniqueIdentifier>{43736380-EEEE-47AB-9168-C4EB0ED65142}</UniqueIdentifier>
    </Filter>
  </ItemGroup>
  <ItemGroup>
  </ItemGroup>
</Project>
