<?xml version="1.0" encoding="utf-8"?>
<Project ToolsVersion="4.0" xmlns="http://schemas.microsoft.com/developer/msbuild/2003">
  <ItemGroup>
    <ClCompile Include="C:\RevoCore\dep\gsoap\soapC.cpp">
      <Filter>Source Files</Filter>
    </ClCompile>
    <ClCompile Include="C:\RevoCore\dep\gsoap\soapServer.cpp">
      <Filter>Source Files</Filter>
    </ClCompile>
    <ClCompile Include="C:\RevoCore\dep\gsoap\stdsoap2.cpp">
      <Filter>Source Files</Filter>
    </ClCompile>
  </ItemGroup>
  <ItemGroup>
    <ClInclude Include="C:\RevoCore\dep\gsoap\soapH.h">
      <Filter>Header Files</Filter>
    </ClInclude>
    <ClInclude Include="C:\RevoCore\dep\gsoap\soapStub.h">
      <Filter>Header Files</Filter>
    </ClInclude>
    <ClInclude Include="C:\RevoCore\dep\gsoap\stdsoap2.h">
      <Filter>Header Files</Filter>
    </ClInclude>
  </ItemGroup>
  <ItemGroup>
  </ItemGroup>
  <ItemGroup>
  </ItemGroup>
  <ItemGroup>
    <CustomBuild Include="..\..\..\dep\gsoap\CMakeLists.txt" />
  </ItemGroup>
  <ItemGroup>
    <Filter Include="Source Files">
      <UniqueIdentifier>{5A2540FF-F0B7-45D7-8301-4CA481CC8F6E}</UniqueIdentifier>
    </Filter>
    <Filter Include="Header Files">
      <UniqueIdentifier>{43736380-EEEE-47AB-9168-C4EB0ED65142}</UniqueIdentifier>
    </Filter>
  </ItemGroup>
  <ItemGroup>
  </ItemGroup>
</Project>
