<?xml version="1.0" encoding="utf-8"?>
<Project ToolsVersion="4.0" xmlns="http://schemas.microsoft.com/developer/msbuild/2003">
  <ItemGroup>
    <ClCompile Include="C:\RevoCore\src\server\worldserver\PrecompiledHeaders\worldPCH.cpp">
      <Filter>Source Files</Filter>
    </ClCompile>
    <ClCompile Include="C:\RevoCore\src\server\worldserver\CommandLine\CliRunnable.cpp">
      <Filter>Source Files</Filter>
    </ClCompile>
    <ClCompile Include="C:\RevoCore\src\server\worldserver\RemoteAccess\RARunnable.cpp">
      <Filter>Source Files</Filter>
    </ClCompile>
    <ClCompile Include="C:\RevoCore\src\server\worldserver\RemoteAccess\RASocket.cpp">
      <Filter>Source Files</Filter>
    </ClCompile>
    <ClCompile Include="C:\RevoCore\src\server\worldserver\TCSoap\TCSoap.cpp">
      <Filter>Source Files</Filter>
    </ClCompile>
    <ClCompile Include="C:\RevoCore\src\server\worldserver\WorldThread\WorldRunnable.cpp">
      <Filter>Source Files</Filter>
    </ClCompile>
    <ClCompile Include="C:\RevoCore\src\server\worldserver\Main.cpp">
      <Filter>Source Files</Filter>
    </ClCompile>
    <ClCompile Include="C:\RevoCore\src\server\worldserver\Master.cpp">
      <Filter>Source Files</Filter>
    </ClCompile>
    <ClCompile Include="C:\RevoCore\src\server\shared\Debugging\WheatyExceptionReport.cpp">
      <Filter>Source Files</Filter>
    </ClCompile>
  </ItemGroup>
  <ItemGroup>
    <ClInclude Include="C:\RevoCore\src\server\worldserver\PrecompiledHeaders\worldPCH.h">
      <Filter>Header Files</Filter>
    </ClInclude>
    <ClInclude Include="C:\RevoCore\src\server\worldserver\CommandLine\CliRunnable.h">
      <Filter>Header Files</Filter>
    </ClInclude>
    <ClInclude Include="C:\RevoCore\src\server\worldserver\RemoteAccess\RARunnable.h">
      <Filter>Header Files</Filter>
    </ClInclude>
    <ClInclude Include="C:\RevoCore\src\server\worldserver\RemoteAccess\RASocket.h">
      <Filter>Header Files</Filter>
    </ClInclude>
    <ClInclude Include="C:\RevoCore\src\server\worldserver\TCSoap\TCSoap.h">
      <Filter>Header Files</Filter>
    </ClInclude>
    <ClInclude Include="C:\RevoCore\src\server\worldserver\WorldThread\WorldRunnable.h">
      <Filter>Header Files</Filter>
    </ClInclude>
    <ClInclude Include="C:\RevoCore\src\server\worldserver\Master.h">
      <Filter>Header Files</Filter>
    </ClInclude>
    <ClInclude Include="C:\RevoCore\src\server\worldserver\resource.h">
      <Filter>Header Files</Filter>
    </ClInclude>
    <ClInclude Include="C:\RevoCore\src\server\shared\Debugging\WheatyExceptionReport.h">
      <Filter>Header Files</Filter>
    </ClInclude>
  </ItemGroup>
  <ItemGroup>
    <ResourceCompile Include="C:\RevoCore\src\server\worldserver\worldserver.rc">
      <Filter>Source Files</Filter>
    </ResourceCompile>
  </ItemGroup>
  <ItemGroup>
  </ItemGroup>
  <ItemGroup>
    <CustomBuild Include="..\..\..\..\src\server\worldserver\CMakeLists.txt" />
  </ItemGroup>
  <ItemGroup>
    <Filter Include="Source Files">
      <UniqueIdentifier>{5A2540FF-F0B7-45D7-8301-4CA481CC8F6E}</UniqueIdentifier>
    </Filter>
    <Filter Include="Header Files">
      <UniqueIdentifier>{43736380-EEEE-47AB-9168-C4EB0ED65142}</UniqueIdentifier>
    </Filter>
  </ItemGroup>
  <ItemGroup>
  </ItemGroup>
</Project>
