<?xml version="1.0" encoding="utf-8"?>
<Project ToolsVersion="4.0" xmlns="http://schemas.microsoft.com/developer/msbuild/2003">
  <ItemGroup>
    <ClCompile Include="C:\RevoCore\src\server\shared\PrecompiledHeaders\sharedPCH.cpp">
      <Filter>Source Files</Filter>
    </ClCompile>
    <ClCompile Include="C:\RevoCore\src\server\shared\Configuration\Config.cpp">
      <Filter>Source Files</Filter>
    </ClCompile>
    <ClCompile Include="C:\RevoCore\src\server\shared\Cryptography\ARC4.cpp">
      <Filter>Source Files</Filter>
    </ClCompile>
    <ClCompile Include="C:\RevoCore\src\server\shared\Cryptography\Authentication\AuthCrypt.cpp">
      <Filter>Source Files</Filter>
    </ClCompile>
    <ClCompile Include="C:\RevoCore\src\server\shared\Cryptography\BigNumber.cpp">
      <Filter>Source Files</Filter>
    </ClCompile>
    <ClCompile Include="C:\RevoCore\src\server\shared\Cryptography\HMACSHA1.cpp">
      <Filter>Source Files</Filter>
    </ClCompile>
    <ClCompile Include="C:\RevoCore\src\server\shared\Cryptography\SHA1.cpp">
      <Filter>Source Files</Filter>
    </ClCompile>
    <ClCompile Include="C:\RevoCore\src\server\shared\Database\AdhocStatement.cpp">
      <Filter>Source Files</Filter>
    </ClCompile>
    <ClCompile Include="C:\RevoCore\src\server\shared\Database\DatabaseWorker.cpp">
      <Filter>Source Files</Filter>
    </ClCompile>
    <ClCompile Include="C:\RevoCore\src\server\shared\Database\Field.cpp">
      <Filter>Source Files</Filter>
    </ClCompile>
    <ClCompile Include="C:\RevoCore\src\server\shared\Database\Implementation\CharacterDatabase.cpp">
      <Filter>Source Files</Filter>
    </ClCompile>
    <ClCompile Include="C:\RevoCore\src\server\shared\Database\Implementation\LoginDatabase.cpp">
      <Filter>Source Files</Filter>
    </ClCompile>
    <ClCompile Include="C:\RevoCore\src\server\shared\Database\Implementation\WorldDatabase.cpp">
      <Filter>Source Files</Filter>
    </ClCompile>
    <ClCompile Include="C:\RevoCore\src\server\shared\Database\MySQLConnection.cpp">
      <Filter>Source Files</Filter>
    </ClCompile>
    <ClCompile Include="C:\RevoCore\src\server\shared\Database\PreparedStatement.cpp">
      <Filter>Source Files</Filter>
    </ClCompile>
    <ClCompile Include="C:\RevoCore\src\server\shared\Database\QueryHolder.cpp">
      <Filter>Source Files</Filter>
    </ClCompile>
    <ClCompile Include="C:\RevoCore\src\server\shared\Database\QueryResult.cpp">
      <Filter>Source Files</Filter>
    </ClCompile>
    <ClCompile Include="C:\RevoCore\src\server\shared\Database\Transaction.cpp">
      <Filter>Source Files</Filter>
    </ClCompile>
    <ClCompile Include="C:\RevoCore\src\server\shared\DataStores\DBCFileLoader.cpp">
      <Filter>Source Files</Filter>
    </ClCompile>
    <ClCompile Include="C:\RevoCore\src\server\shared\Logging\Log.cpp">
      <Filter>Source Files</Filter>
    </ClCompile>
    <ClCompile Include="C:\RevoCore\src\server\shared\Threading\DelayExecutor.cpp">
      <Filter>Source Files</Filter>
    </ClCompile>
    <ClCompile Include="C:\RevoCore\src\server\shared\Threading\Threading.cpp">
      <Filter>Source Files</Filter>
    </ClCompile>
    <ClCompile Include="C:\RevoCore\src\server\shared\Utilities\EventProcessor.cpp">
      <Filter>Source Files</Filter>
    </ClCompile>
    <ClCompile Include="C:\RevoCore\src\server\shared\Utilities\ServiceWin32.cpp">
      <Filter>Source Files</Filter>
    </ClCompile>
    <ClCompile Include="C:\RevoCore\src\server\shared\Utilities\Util.cpp">
      <Filter>Source Files</Filter>
    </ClCompile>
    <ClCompile Include="C:\RevoCore\src\server\shared\Common.cpp">
      <Filter>Source Files</Filter>
    </ClCompile>
  </ItemGroup>
  <ItemGroup>
    <ClInclude Include="C:\RevoCore\src\server\shared\PrecompiledHeaders\sharedPCH.h">
      <Filter>Header Files</Filter>
    </ClInclude>
    <ClInclude Include="C:\RevoCore\src\server\shared\Configuration\Config.h">
      <Filter>Header Files</Filter>
    </ClInclude>
    <ClInclude Include="C:\RevoCore\src\server\shared\Cryptography\ARC4.h">
      <Filter>Header Files</Filter>
    </ClInclude>
    <ClInclude Include="C:\RevoCore\src\server\shared\Cryptography\Authentication\AuthCrypt.h">
      <Filter>Header Files</Filter>
    </ClInclude>
    <ClInclude Include="C:\RevoCore\src\server\shared\Cryptography\BigNumber.h">
      <Filter>Header Files</Filter>
    </ClInclude>
    <ClInclude Include="C:\RevoCore\src\server\shared\Cryptography\HMACSHA1.h">
      <Filter>Header Files</Filter>
    </ClInclude>
    <ClInclude Include="C:\RevoCore\src\server\shared\Cryptography\SHA1.h">
      <Filter>Header Files</Filter>
    </ClInclude>
    <ClInclude Include="C:\RevoCore\src\server\shared\Database\AdhocStatement.h">
      <Filter>Header Files</Filter>
    </ClInclude>
    <ClInclude Include="C:\RevoCore\src\server\shared\Database\DatabaseEnv.h">
      <Filter>Header Files</Filter>
    </ClInclude>
    <ClInclude Include="C:\RevoCore\src\server\shared\Database\DatabaseWorker.h">
      <Filter>Header Files</Filter>
    </ClInclude>
    <ClInclude Include="C:\RevoCore\src\server\shared\Database\DatabaseWorkerPool.h">
      <Filter>Header Files</Filter>
    </ClInclude>
    <ClInclude Include="C:\RevoCore\src\server\shared\Database\Field.h">
      <Filter>Header Files</Filter>
    </ClInclude>
    <ClInclude Include="C:\RevoCore\src\server\shared\Database\Implementation\CharacterDatabase.h">
      <Filter>Header Files</Filter>
    </ClInclude>
    <ClInclude Include="C:\RevoCore\src\server\shared\Database\Implementation\LoginDatabase.h">
      <Filter>Header Files</Filter>
    </ClInclude>
    <ClInclude Include="C:\RevoCore\src\server\shared\Database\Implementation\WorldDatabase.h">
      <Filter>Header Files</Filter>
    </ClInclude>
    <ClInclude Include="C:\RevoCore\src\server\shared\Database\MySQLConnection.h">
      <Filter>Header Files</Filter>
    </ClInclude>
    <ClInclude Include="C:\RevoCore\src\server\shared\Database\MySQLThreading.h">
      <Filter>Header Files</Filter>
    </ClInclude>
    <ClInclude Include="C:\RevoCore\src\server\shared\Database\PreparedStatement.h">
      <Filter>Header Files</Filter>
    </ClInclude>
    <ClInclude Include="C:\RevoCore\src\server\shared\Database\QueryHolder.h">
      <Filter>Header Files</Filter>
    </ClInclude>
    <ClInclude Include="C:\RevoCore\src\server\shared\Database\QueryResult.h">
      <Filter>Header Files</Filter>
    </ClInclude>
    <ClInclude Include="C:\RevoCore\src\server\shared\Database\SQLOperation.h">
      <Filter>Header Files</Filter>
    </ClInclude>
    <ClInclude Include="C:\RevoCore\src\server\shared\Database\Transaction.h">
      <Filter>Header Files</Filter>
    </ClInclude>
    <ClInclude Include="C:\RevoCore\src\server\shared\DataStores\DBCFileLoader.h">
      <Filter>Header Files</Filter>
    </ClInclude>
    <ClInclude Include="C:\RevoCore\src\server\shared\DataStores\DBCStore.h">
      <Filter>Header Files</Filter>
    </ClInclude>
    <ClInclude Include="C:\RevoCore\src\server\shared\Dynamic\FactoryHolder.h">
      <Filter>Header Files</Filter>
    </ClInclude>
    <ClInclude Include="C:\RevoCore\src\server\shared\Dynamic\LinkedList.h">
      <Filter>Header Files</Filter>
    </ClInclude>
    <ClInclude Include="C:\RevoCore\src\server\shared\Dynamic\LinkedReference\Reference.h">
      <Filter>Header Files</Filter>
    </ClInclude>
    <ClInclude Include="C:\RevoCore\src\server\shared\Dynamic\LinkedReference\RefManager.h">
      <Filter>Header Files</Filter>
    </ClInclude>
    <ClInclude Include="C:\RevoCore\src\server\shared\Dynamic\ObjectRegistry.h">
      <Filter>Header Files</Filter>
    </ClInclude>
    <ClInclude Include="C:\RevoCore\src\server\shared\Dynamic\TypeContainer.h">
      <Filter>Header Files</Filter>
    </ClInclude>
    <ClInclude Include="C:\RevoCore\src\server\shared\Dynamic\TypeContainerFunctions.h">
      <Filter>Header Files</Filter>
    </ClInclude>
    <ClInclude Include="C:\RevoCore\src\server\shared\Dynamic\TypeContainerFunctionsPtr.h">
      <Filter>Header Files</Filter>
    </ClInclude>
    <ClInclude Include="C:\RevoCore\src\server\shared\Dynamic\TypeContainerVisitor.h">
      <Filter>Header Files</Filter>
    </ClInclude>
    <ClInclude Include="C:\RevoCore\src\server\shared\Dynamic\TypeList.h">
      <Filter>Header Files</Filter>
    </ClInclude>
    <ClInclude Include="C:\RevoCore\src\server\shared\Dynamic\UnorderedMap.h">
      <Filter>Header Files</Filter>
    </ClInclude>
    <ClInclude Include="C:\RevoCore\src\server\shared\Logging\Log.h">
      <Filter>Header Files</Filter>
    </ClInclude>
    <ClInclude Include="C:\RevoCore\src\server\shared\Packets\ByteBuffer.h">
      <Filter>Header Files</Filter>
    </ClInclude>
    <ClInclude Include="C:\RevoCore\src\server\shared\Packets\WorldPacket.h">
      <Filter>Header Files</Filter>
    </ClInclude>
    <ClInclude Include="C:\RevoCore\src\server\shared\Threading\Callback.h">
      <Filter>Header Files</Filter>
    </ClInclude>
    <ClInclude Include="C:\RevoCore\src\server\shared\Threading\DelayExecutor.h">
      <Filter>Header Files</Filter>
    </ClInclude>
    <ClInclude Include="C:\RevoCore\src\server\shared\Threading\LockedQueue.h">
      <Filter>Header Files</Filter>
    </ClInclude>
    <ClInclude Include="C:\RevoCore\src\server\shared\Threading\Threading.h">
      <Filter>Header Files</Filter>
    </ClInclude>
    <ClInclude Include="C:\RevoCore\src\server\shared\Utilities\ByteConverter.h">
      <Filter>Header Files</Filter>
    </ClInclude>
    <ClInclude Include="C:\RevoCore\src\server\shared\Utilities\EventProcessor.h">
      <Filter>Header Files</Filter>
    </ClInclude>
    <ClInclude Include="C:\RevoCore\src\server\shared\Utilities\ServiceWin32.h">
      <Filter>Header Files</Filter>
    </ClInclude>
    <ClInclude Include="C:\RevoCore\src\server\shared\Utilities\SignalHandler.h">
      <Filter>Header Files</Filter>
    </ClInclude>
    <ClInclude Include="C:\RevoCore\src\server\shared\Utilities\Timer.h">
      <Filter>Header Files</Filter>
    </ClInclude>
    <ClInclude Include="C:\RevoCore\src\server\shared\Utilities\Util.h">
      <Filter>Header Files</Filter>
    </ClInclude>
    <ClInclude Include="C:\RevoCore\src\server\shared\Common.h">
      <Filter>Header Files</Filter>
    </ClInclude>
    <ClInclude Include="C:\RevoCore\src\server\shared\CompilerDefs.h">
      <Filter>Header Files</Filter>
    </ClInclude>
    <ClInclude Include="C:\RevoCore\src\server\shared\Define.h">
      <Filter>Header Files</Filter>
    </ClInclude>
    <ClInclude Include="C:\RevoCore\src\server\shared\SystemConfig.h">
      <Filter>Header Files</Filter>
    </ClInclude>
    <ClInclude Include="C:\RevoCore\src\server\shared\Debugging\Errors.h">
      <Filter>Header Files</Filter>
    </ClInclude>
  </ItemGroup>
  <ItemGroup>
  </ItemGroup>
  <ItemGroup>
  </ItemGroup>
  <ItemGroup>
    <CustomBuild Include="..\..\..\..\src\server\shared\CMakeLists.txt" />
  </ItemGroup>
  <ItemGroup>
    <Filter Include="Source Files">
      <UniqueIdentifier>{5A2540FF-F0B7-45D7-8301-4CA481CC8F6E}</UniqueIdentifier>
    </Filter>
    <Filter Include="Header Files">
      <UniqueIdentifier>{43736380-EEEE-47AB-9168-C4EB0ED65142}</UniqueIdentifier>
    </Filter>
  </ItemGroup>
  <ItemGroup>
  </ItemGroup>
</Project>
