Microsoft Visual Studio Solution File, Format Version 11.00
# Visual Studio 2010
Project("{8BC9CEB8-8B4A-11D0-8D11-00A0C91BC942}") = "ALL_BUILD", "ALL_BUILD.vcxproj", "{1214C937-CF34-4F0B-A7D2-EF73D0E6DCBB}"
	ProjectSection(ProjectDependencies) = postProject
		{3FF553F1-05E0-4F4A-8384-9DEB8C873F2F} = {3FF553F1-05E0-4F4A-8384-9DEB8C873F2F}
		{26B7D46C-F045-4F47-8281-20BCB2D1FEC6} = {26B7D46C-F045-4F47-8281-20BCB2D1FEC6}
		{D1F216CD-F5C3-4ECC-915E-30C47B373862} = {D1F216CD-F5C3-4ECC-915E-30C47B373862}
		{B1D604BE-610B-4DF0-B704-64D56BEE216C} = {B1D604BE-610B-4DF0-B704-64D56BEE216C}
		{D00172A6-16F6-469D-9CA4-74F716D85CB3} = {D00172A6-16F6-469D-9CA4-74F716D85CB3}
		{A5780E50-541C-4817-B5A4-1BF3BC1DD524} = {A5780E50-541C-4817-B5A4-1BF3BC1DD524}
		{AE14B572-20F2-4F9B-8B76-61EC21A7662C} = {AE14B572-20F2-4F9B-8B76-61EC21A7662C}
		{02EACAE8-494D-4FC4-9663-BDC29E392495} = {02EACAE8-494D-4FC4-9663-BDC29E392495}
		{F35AC1A4-C95D-4A53-8872-66BB4B7B6496} = {F35AC1A4-C95D-4A53-8872-66BB4B7B6496}
		{97EAEE55-E34C-4ED3-A9F3-CDB11DA106FD} = {97EAEE55-E34C-4ED3-A9F3-CDB11DA106FD}
		{28F3257D-FEAE-4ECB-A430-EF6956EB12EB} = {28F3257D-FEAE-4ECB-A430-EF6956EB12EB}
		{CAE31484-DE4E-43F8-BF83-77949C6E74C7} = {CAE31484-DE4E-43F8-BF83-77949C6E74C7}
		{2BEF33FA-A398-4115-A6AB-AE1C87DE24FC} = {2BEF33FA-A398-4115-A6AB-AE1C87DE24FC}
	EndProjectSection
EndProject
Project("{8BC9CEB8-8B4A-11D0-8D11-00A0C91BC942}") = "INSTALL", "INSTALL.vcxproj", "{CF46A7E8-3229-4531-B8E5-2375C0F3D3F9}"
	ProjectSection(ProjectDependencies) = postProject
		{1214C937-CF34-4F0B-A7D2-EF73D0E6DCBB} = {1214C937-CF34-4F0B-A7D2-EF73D0E6DCBB}
	EndProjectSection
EndProject
Project("{8BC9CEB8-8B4A-11D0-8D11-00A0C91BC942}") = "ZERO_CHECK", "ZERO_CHECK.vcxproj", "{3FF553F1-05E0-4F4A-8384-9DEB8C873F2F}"
	ProjectSection(ProjectDependencies) = postProject
	EndProjectSection
EndProject
Project("{8BC9CEB8-8B4A-11D0-8D11-00A0C91BC942}") = "ace", "dep\acelite\ace\ace.vcxproj", "{26B7D46C-F045-4F47-8281-20BCB2D1FEC6}"
	ProjectSection(ProjectDependencies) = postProject
		{3FF553F1-05E0-4F4A-8384-9DEB8C873F2F} = {3FF553F1-05E0-4F4A-8384-9DEB8C873F2F}
	EndProjectSection
EndProject
Project("{8BC9CEB8-8B4A-11D0-8D11-00A0C91BC942}") = "authserver", "src\server\authserver\authserver.vcxproj", "{D1F216CD-F5C3-4ECC-915E-30C47B373862}"
	ProjectSection(ProjectDependencies) = postProject
		{3FF553F1-05E0-4F4A-8384-9DEB8C873F2F} = {3FF553F1-05E0-4F4A-8384-9DEB8C873F2F}
		{02EACAE8-494D-4FC4-9663-BDC29E392495} = {02EACAE8-494D-4FC4-9663-BDC29E392495}
		{F35AC1A4-C95D-4A53-8872-66BB4B7B6496} = {F35AC1A4-C95D-4A53-8872-66BB4B7B6496}
		{28F3257D-FEAE-4ECB-A430-EF6956EB12EB} = {28F3257D-FEAE-4ECB-A430-EF6956EB12EB}
	EndProjectSection
EndProject
Project("{8BC9CEB8-8B4A-11D0-8D11-00A0C91BC942}") = "collision", "src\server\collision\collision.vcxproj", "{B1D604BE-610B-4DF0-B704-64D56BEE216C}"
	ProjectSection(ProjectDependencies) = postProject
		{3FF553F1-05E0-4F4A-8384-9DEB8C873F2F} = {3FF553F1-05E0-4F4A-8384-9DEB8C873F2F}
	EndProjectSection
EndProject
Project("{8BC9CEB8-8B4A-11D0-8D11-00A0C91BC942}") = "g3dlib", "dep\g3dlite\g3dlib.vcxproj", "{D00172A6-16F6-469D-9CA4-74F716D85CB3}"
	ProjectSection(ProjectDependencies) = postProject
		{3FF553F1-05E0-4F4A-8384-9DEB8C873F2F} = {3FF553F1-05E0-4F4A-8384-9DEB8C873F2F}
		{2BEF33FA-A398-4115-A6AB-AE1C87DE24FC} = {2BEF33FA-A398-4115-A6AB-AE1C87DE24FC}
	EndProjectSection
EndProject
Project("{8BC9CEB8-8B4A-11D0-8D11-00A0C91BC942}") = "game", "src\server\game\game.vcxproj", "{A5780E50-541C-4817-B5A4-1BF3BC1DD524}"
	ProjectSection(ProjectDependencies) = postProject
		{3FF553F1-05E0-4F4A-8384-9DEB8C873F2F} = {3FF553F1-05E0-4F4A-8384-9DEB8C873F2F}
		{F35AC1A4-C95D-4A53-8872-66BB4B7B6496} = {F35AC1A4-C95D-4A53-8872-66BB4B7B6496}
	EndProjectSection
EndProject
Project("{8BC9CEB8-8B4A-11D0-8D11-00A0C91BC942}") = "gsoap", "dep\gsoap\gsoap.vcxproj", "{AE14B572-20F2-4F9B-8B76-61EC21A7662C}"
	ProjectSection(ProjectDependencies) = postProject
		{3FF553F1-05E0-4F4A-8384-9DEB8C873F2F} = {3FF553F1-05E0-4F4A-8384-9DEB8C873F2F}
	EndProjectSection
EndProject
Project("{8BC9CEB8-8B4A-11D0-8D11-00A0C91BC942}") = "libmysql", "dep\mysqllite\libmysql.vcxproj", "{02EACAE8-494D-4FC4-9663-BDC29E392495}"
	ProjectSection(ProjectDependencies) = postProject
		{3FF553F1-05E0-4F4A-8384-9DEB8C873F2F} = {3FF553F1-05E0-4F4A-8384-9DEB8C873F2F}
		{2BEF33FA-A398-4115-A6AB-AE1C87DE24FC} = {2BEF33FA-A398-4115-A6AB-AE1C87DE24FC}
	EndProjectSection
EndProject
Project("{8BC9CEB8-8B4A-11D0-8D11-00A0C91BC942}") = "revision.h", "src\genrev\revision.h.vcxproj", "{F35AC1A4-C95D-4A53-8872-66BB4B7B6496}"
	ProjectSection(ProjectDependencies) = postProject
		{3FF553F1-05E0-4F4A-8384-9DEB8C873F2F} = {3FF553F1-05E0-4F4A-8384-9DEB8C873F2F}
	EndProjectSection
EndProject
Project("{8BC9CEB8-8B4A-11D0-8D11-00A0C91BC942}") = "scripts", "src\server\scripts\scripts.vcxproj", "{97EAEE55-E34C-4ED3-A9F3-CDB11DA106FD}"
	ProjectSection(ProjectDependencies) = postProject
		{3FF553F1-05E0-4F4A-8384-9DEB8C873F2F} = {3FF553F1-05E0-4F4A-8384-9DEB8C873F2F}
		{F35AC1A4-C95D-4A53-8872-66BB4B7B6496} = {F35AC1A4-C95D-4A53-8872-66BB4B7B6496}
	EndProjectSection
EndProject
Project("{8BC9CEB8-8B4A-11D0-8D11-00A0C91BC942}") = "shared", "src\server\shared\shared.vcxproj", "{28F3257D-FEAE-4ECB-A430-EF6956EB12EB}"
	ProjectSection(ProjectDependencies) = postProject
		{3FF553F1-05E0-4F4A-8384-9DEB8C873F2F} = {3FF553F1-05E0-4F4A-8384-9DEB8C873F2F}
		{26B7D46C-F045-4F47-8281-20BCB2D1FEC6} = {26B7D46C-F045-4F47-8281-20BCB2D1FEC6}
	EndProjectSection
EndProject
Project("{8BC9CEB8-8B4A-11D0-8D11-00A0C91BC942}") = "worldserver", "src\server\worldserver\worldserver.vcxproj", "{CAE31484-DE4E-43F8-BF83-77949C6E74C7}"
	ProjectSection(ProjectDependencies) = postProject
		{3FF553F1-05E0-4F4A-8384-9DEB8C873F2F} = {3FF553F1-05E0-4F4A-8384-9DEB8C873F2F}
		{26B7D46C-F045-4F47-8281-20BCB2D1FEC6} = {26B7D46C-F045-4F47-8281-20BCB2D1FEC6}
		{B1D604BE-610B-4DF0-B704-64D56BEE216C} = {B1D604BE-610B-4DF0-B704-64D56BEE216C}
		{D00172A6-16F6-469D-9CA4-74F716D85CB3} = {D00172A6-16F6-469D-9CA4-74F716D85CB3}
		{A5780E50-541C-4817-B5A4-1BF3BC1DD524} = {A5780E50-541C-4817-B5A4-1BF3BC1DD524}
		{AE14B572-20F2-4F9B-8B76-61EC21A7662C} = {AE14B572-20F2-4F9B-8B76-61EC21A7662C}
		{02EACAE8-494D-4FC4-9663-BDC29E392495} = {02EACAE8-494D-4FC4-9663-BDC29E392495}
		{F35AC1A4-C95D-4A53-8872-66BB4B7B6496} = {F35AC1A4-C95D-4A53-8872-66BB4B7B6496}
		{97EAEE55-E34C-4ED3-A9F3-CDB11DA106FD} = {97EAEE55-E34C-4ED3-A9F3-CDB11DA106FD}
		{28F3257D-FEAE-4ECB-A430-EF6956EB12EB} = {28F3257D-FEAE-4ECB-A430-EF6956EB12EB}
		{2BEF33FA-A398-4115-A6AB-AE1C87DE24FC} = {2BEF33FA-A398-4115-A6AB-AE1C87DE24FC}
	EndProjectSection
EndProject
Project("{8BC9CEB8-8B4A-11D0-8D11-00A0C91BC942}") = "zlib", "dep\zlib\zlib.vcxproj", "{2BEF33FA-A398-4115-A6AB-AE1C87DE24FC}"
	ProjectSection(ProjectDependencies) = postProject
		{3FF553F1-05E0-4F4A-8384-9DEB8C873F2F} = {3FF553F1-05E0-4F4A-8384-9DEB8C873F2F}
	EndProjectSection
EndProject
Global
	GlobalSection(SolutionConfigurationPlatforms) = preSolution
		Debug|Win32 = Debug|Win32
		Release|Win32 = Release|Win32
		MinSizeRel|Win32 = MinSizeRel|Win32
		RelWithDebInfo|Win32 = RelWithDebInfo|Win32
	EndGlobalSection
	GlobalSection(ProjectConfigurationPlatforms) = postSolution
		{1214C937-CF34-4F0B-A7D2-EF73D0E6DCBB}.Debug|Win32.ActiveCfg = Debug|Win32
		{1214C937-CF34-4F0B-A7D2-EF73D0E6DCBB}.Debug|Win32.Build.0 = Debug|Win32
		{1214C937-CF34-4F0B-A7D2-EF73D0E6DCBB}.Release|Win32.ActiveCfg = Release|Win32
		{1214C937-CF34-4F0B-A7D2-EF73D0E6DCBB}.Release|Win32.Build.0 = Release|Win32
		{1214C937-CF34-4F0B-A7D2-EF73D0E6DCBB}.MinSizeRel|Win32.ActiveCfg = MinSizeRel|Win32
		{1214C937-CF34-4F0B-A7D2-EF73D0E6DCBB}.MinSizeRel|Win32.Build.0 = MinSizeRel|Win32
		{1214C937-CF34-4F0B-A7D2-EF73D0E6DCBB}.RelWithDebInfo|Win32.ActiveCfg = RelWithDebInfo|Win32
		{1214C937-CF34-4F0B-A7D2-EF73D0E6DCBB}.RelWithDebInfo|Win32.Build.0 = RelWithDebInfo|Win32
		{CF46A7E8-3229-4531-B8E5-2375C0F3D3F9}.Debug|Win32.ActiveCfg = Debug|Win32
		{CF46A7E8-3229-4531-B8E5-2375C0F3D3F9}.Release|Win32.ActiveCfg = Release|Win32
		{CF46A7E8-3229-4531-B8E5-2375C0F3D3F9}.MinSizeRel|Win32.ActiveCfg = MinSizeRel|Win32
		{CF46A7E8-3229-4531-B8E5-2375C0F3D3F9}.RelWithDebInfo|Win32.ActiveCfg = RelWithDebInfo|Win32
		{3FF553F1-05E0-4F4A-8384-9DEB8C873F2F}.Debug|Win32.ActiveCfg = Debug|Win32
		{3FF553F1-05E0-4F4A-8384-9DEB8C873F2F}.Debug|Win32.Build.0 = Debug|Win32
		{3FF553F1-05E0-4F4A-8384-9DEB8C873F2F}.Release|Win32.ActiveCfg = Release|Win32
		{3FF553F1-05E0-4F4A-8384-9DEB8C873F2F}.Release|Win32.Build.0 = Release|Win32
		{3FF553F1-05E0-4F4A-8384-9DEB8C873F2F}.MinSizeRel|Win32.ActiveCfg = MinSizeRel|Win32
		{3FF553F1-05E0-4F4A-8384-9DEB8C873F2F}.MinSizeRel|Win32.Build.0 = MinSizeRel|Win32
		{3FF553F1-05E0-4F4A-8384-9DEB8C873F2F}.RelWithDebInfo|Win32.ActiveCfg = RelWithDebInfo|Win32
		{3FF553F1-05E0-4F4A-8384-9DEB8C873F2F}.RelWithDebInfo|Win32.Build.0 = RelWithDebInfo|Win32
		{26B7D46C-F045-4F47-8281-20BCB2D1FEC6}.Debug|Win32.ActiveCfg = Debug|Win32
		{26B7D46C-F045-4F47-8281-20BCB2D1FEC6}.Debug|Win32.Build.0 = Debug|Win32
		{26B7D46C-F045-4F47-8281-20BCB2D1FEC6}.Release|Win32.ActiveCfg = Release|Win32
		{26B7D46C-F045-4F47-8281-20BCB2D1FEC6}.Release|Win32.Build.0 = Release|Win32
		{26B7D46C-F045-4F47-8281-20BCB2D1FEC6}.MinSizeRel|Win32.ActiveCfg = MinSizeRel|Win32
		{26B7D46C-F045-4F47-8281-20BCB2D1FEC6}.MinSizeRel|Win32.Build.0 = MinSizeRel|Win32
		{26B7D46C-F045-4F47-8281-20BCB2D1FEC6}.RelWithDebInfo|Win32.ActiveCfg = RelWithDebInfo|Win32
		{26B7D46C-F045-4F47-8281-20BCB2D1FEC6}.RelWithDebInfo|Win32.Build.0 = RelWithDebInfo|Win32
		{D1F216CD-F5C3-4ECC-915E-30C47B373862}.Debug|Win32.ActiveCfg = Debug|Win32
		{D1F216CD-F5C3-4ECC-915E-30C47B373862}.Debug|Win32.Build.0 = Debug|Win32
		{D1F216CD-F5C3-4ECC-915E-30C47B373862}.Release|Win32.ActiveCfg = Release|Win32
		{D1F216CD-F5C3-4ECC-915E-30C47B373862}.Release|Win32.Build.0 = Release|Win32
		{D1F216CD-F5C3-4ECC-915E-30C47B373862}.MinSizeRel|Win32.ActiveCfg = MinSizeRel|Win32
		{D1F216CD-F5C3-4ECC-915E-30C47B373862}.MinSizeRel|Win32.Build.0 = MinSizeRel|Win32
		{D1F216CD-F5C3-4ECC-915E-30C47B373862}.RelWithDebInfo|Win32.ActiveCfg = RelWithDebInfo|Win32
		{D1F216CD-F5C3-4ECC-915E-30C47B373862}.RelWithDebInfo|Win32.Build.0 = RelWithDebInfo|Win32
		{B1D604BE-610B-4DF0-B704-64D56BEE216C}.Debug|Win32.ActiveCfg = Debug|Win32
		{B1D604BE-610B-4DF0-B704-64D56BEE216C}.Debug|Win32.Build.0 = Debug|Win32
		{B1D604BE-610B-4DF0-B704-64D56BEE216C}.Release|Win32.ActiveCfg = Release|Win32
		{B1D604BE-610B-4DF0-B704-64D56BEE216C}.Release|Win32.Build.0 = Release|Win32
		{B1D604BE-610B-4DF0-B704-64D56BEE216C}.MinSizeRel|Win32.ActiveCfg = MinSizeRel|Win32
		{B1D604BE-610B-4DF0-B704-64D56BEE216C}.MinSizeRel|Win32.Build.0 = MinSizeRel|Win32
		{B1D604BE-610B-4DF0-B704-64D56BEE216C}.RelWithDebInfo|Win32.ActiveCfg = RelWithDebInfo|Win32
		{B1D604BE-610B-4DF0-B704-64D56BEE216C}.RelWithDebInfo|Win32.Build.0 = RelWithDebInfo|Win32
		{D00172A6-16F6-469D-9CA4-74F716D85CB3}.Debug|Win32.ActiveCfg = Debug|Win32
		{D00172A6-16F6-469D-9CA4-74F716D85CB3}.Debug|Win32.Build.0 = Debug|Win32
		{D00172A6-16F6-469D-9CA4-74F716D85CB3}.Release|Win32.ActiveCfg = Release|Win32
		{D00172A6-16F6-469D-9CA4-74F716D85CB3}.Release|Win32.Build.0 = Release|Win32
		{D00172A6-16F6-469D-9CA4-74F716D85CB3}.MinSizeRel|Win32.ActiveCfg = MinSizeRel|Win32
		{D00172A6-16F6-469D-9CA4-74F716D85CB3}.MinSizeRel|Win32.Build.0 = MinSizeRel|Win32
		{D00172A6-16F6-469D-9CA4-74F716D85CB3}.RelWithDebInfo|Win32.ActiveCfg = RelWithDebInfo|Win32
		{D00172A6-16F6-469D-9CA4-74F716D85CB3}.RelWithDebInfo|Win32.Build.0 = RelWithDebInfo|Win32
		{A5780E50-541C-4817-B5A4-1BF3BC1DD524}.Debug|Win32.ActiveCfg = Debug|Win32
		{A5780E50-541C-4817-B5A4-1BF3BC1DD524}.Debug|Win32.Build.0 = Debug|Win32
		{A5780E50-541C-4817-B5A4-1BF3BC1DD524}.Release|Win32.ActiveCfg = Release|Win32
		{A5780E50-541C-4817-B5A4-1BF3BC1DD524}.Release|Win32.Build.0 = Release|Win32
		{A5780E50-541C-4817-B5A4-1BF3BC1DD524}.MinSizeRel|Win32.ActiveCfg = MinSizeRel|Win32
		{A5780E50-541C-4817-B5A4-1BF3BC1DD524}.MinSizeRel|Win32.Build.0 = MinSizeRel|Win32
		{A5780E50-541C-4817-B5A4-1BF3BC1DD524}.RelWithDebInfo|Win32.ActiveCfg = RelWithDebInfo|Win32
		{A5780E50-541C-4817-B5A4-1BF3BC1DD524}.RelWithDebInfo|Win32.Build.0 = RelWithDebInfo|Win32
		{AE14B572-20F2-4F9B-8B76-61EC21A7662C}.Debug|Win32.ActiveCfg = Debug|Win32
		{AE14B572-20F2-4F9B-8B76-61EC21A7662C}.Debug|Win32.Build.0 = Debug|Win32
		{AE14B572-20F2-4F9B-8B76-61EC21A7662C}.Release|Win32.ActiveCfg = Release|Win32
		{AE14B572-20F2-4F9B-8B76-61EC21A7662C}.Release|Win32.Build.0 = Release|Win32
		{AE14B572-20F2-4F9B-8B76-61EC21A7662C}.MinSizeRel|Win32.ActiveCfg = MinSizeRel|Win32
		{AE14B572-20F2-4F9B-8B76-61EC21A7662C}.MinSizeRel|Win32.Build.0 = MinSizeRel|Win32
		{AE14B572-20F2-4F9B-8B76-61EC21A7662C}.RelWithDebInfo|Win32.ActiveCfg = RelWithDebInfo|Win32
		{AE14B572-20F2-4F9B-8B76-61EC21A7662C}.RelWithDebInfo|Win32.Build.0 = RelWithDebInfo|Win32
		{02EACAE8-494D-4FC4-9663-BDC29E392495}.Debug|Win32.ActiveCfg = Debug|Win32
		{02EACAE8-494D-4FC4-9663-BDC29E392495}.Debug|Win32.Build.0 = Debug|Win32
		{02EACAE8-494D-4FC4-9663-BDC29E392495}.Release|Win32.ActiveCfg = Release|Win32
		{02EACAE8-494D-4FC4-9663-BDC29E392495}.Release|Win32.Build.0 = Release|Win32
		{02EACAE8-494D-4FC4-9663-BDC29E392495}.MinSizeRel|Win32.ActiveCfg = MinSizeRel|Win32
		{02EACAE8-494D-4FC4-9663-BDC29E392495}.MinSizeRel|Win32.Build.0 = MinSizeRel|Win32
		{02EACAE8-494D-4FC4-9663-BDC29E392495}.RelWithDebInfo|Win32.ActiveCfg = RelWithDebInfo|Win32
		{02EACAE8-494D-4FC4-9663-BDC29E392495}.RelWithDebInfo|Win32.Build.0 = RelWithDebInfo|Win32
		{F35AC1A4-C95D-4A53-8872-66BB4B7B6496}.Debug|Win32.ActiveCfg = Debug|Win32
		{F35AC1A4-C95D-4A53-8872-66BB4B7B6496}.Debug|Win32.Build.0 = Debug|Win32
		{F35AC1A4-C95D-4A53-8872-66BB4B7B6496}.Release|Win32.ActiveCfg = Release|Win32
		{F35AC1A4-C95D-4A53-8872-66BB4B7B6496}.Release|Win32.Build.0 = Release|Win32
		{F35AC1A4-C95D-4A53-8872-66BB4B7B6496}.MinSizeRel|Win32.ActiveCfg = MinSizeRel|Win32
		{F35AC1A4-C95D-4A53-8872-66BB4B7B6496}.MinSizeRel|Win32.Build.0 = MinSizeRel|Win32
		{F35AC1A4-C95D-4A53-8872-66BB4B7B6496}.RelWithDebInfo|Win32.ActiveCfg = RelWithDebInfo|Win32
		{F35AC1A4-C95D-4A53-8872-66BB4B7B6496}.RelWithDebInfo|Win32.Build.0 = RelWithDebInfo|Win32
		{97EAEE55-E34C-4ED3-A9F3-CDB11DA106FD}.Debug|Win32.ActiveCfg = Debug|Win32
		{97EAEE55-E34C-4ED3-A9F3-CDB11DA106FD}.Debug|Win32.Build.0 = Debug|Win32
		{97EAEE55-E34C-4ED3-A9F3-CDB11DA106FD}.Release|Win32.ActiveCfg = Release|Win32
		{97EAEE55-E34C-4ED3-A9F3-CDB11DA106FD}.Release|Win32.Build.0 = Release|Win32
		{97EAEE55-E34C-4ED3-A9F3-CDB11DA106FD}.MinSizeRel|Win32.ActiveCfg = MinSizeRel|Win32
		{97EAEE55-E34C-4ED3-A9F3-CDB11DA106FD}.MinSizeRel|Win32.Build.0 = MinSizeRel|Win32
		{97EAEE55-E34C-4ED3-A9F3-CDB11DA106FD}.RelWithDebInfo|Win32.ActiveCfg = RelWithDebInfo|Win32
		{97EAEE55-E34C-4ED3-A9F3-CDB11DA106FD}.RelWithDebInfo|Win32.Build.0 = RelWithDebInfo|Win32
		{28F3257D-FEAE-4ECB-A430-EF6956EB12EB}.Debug|Win32.ActiveCfg = Debug|Win32
		{28F3257D-FEAE-4ECB-A430-EF6956EB12EB}.Debug|Win32.Build.0 = Debug|Win32
		{28F3257D-FEAE-4ECB-A430-EF6956EB12EB}.Release|Win32.ActiveCfg = Release|Win32
		{28F3257D-FEAE-4ECB-A430-EF6956EB12EB}.Release|Win32.Build.0 = Release|Win32
		{28F3257D-FEAE-4ECB-A430-EF6956EB12EB}.MinSizeRel|Win32.ActiveCfg = MinSizeRel|Win32
		{28F3257D-FEAE-4ECB-A430-EF6956EB12EB}.MinSizeRel|Win32.Build.0 = MinSizeRel|Win32
		{28F3257D-FEAE-4ECB-A430-EF6956EB12EB}.RelWithDebInfo|Win32.ActiveCfg = RelWithDebInfo|Win32
		{28F3257D-FEAE-4ECB-A430-EF6956EB12EB}.RelWithDebInfo|Win32.Build.0 = RelWithDebInfo|Win32
		{CAE31484-DE4E-43F8-BF83-77949C6E74C7}.Debug|Win32.ActiveCfg = Debug|Win32
		{CAE31484-DE4E-43F8-BF83-77949C6E74C7}.Debug|Win32.Build.0 = Debug|Win32
		{CAE31484-DE4E-43F8-BF83-77949C6E74C7}.Release|Win32.ActiveCfg = Release|Win32
		{CAE31484-DE4E-43F8-BF83-77949C6E74C7}.Release|Win32.Build.0 = Release|Win32
		{CAE31484-DE4E-43F8-BF83-77949C6E74C7}.MinSizeRel|Win32.ActiveCfg = MinSizeRel|Win32
		{CAE31484-DE4E-43F8-BF83-77949C6E74C7}.MinSizeRel|Win32.Build.0 = MinSizeRel|Win32
		{CAE31484-DE4E-43F8-BF83-77949C6E74C7}.RelWithDebInfo|Win32.ActiveCfg = RelWithDebInfo|Win32
		{CAE31484-DE4E-43F8-BF83-77949C6E74C7}.RelWithDebInfo|Win32.Build.0 = RelWithDebInfo|Win32
		{2BEF33FA-A398-4115-A6AB-AE1C87DE24FC}.Debug|Win32.ActiveCfg = Debug|Win32
		{2BEF33FA-A398-4115-A6AB-AE1C87DE24FC}.Debug|Win32.Build.0 = Debug|Win32
		{2BEF33FA-A398-4115-A6AB-AE1C87DE24FC}.Release|Win32.ActiveCfg = Release|Win32
		{2BEF33FA-A398-4115-A6AB-AE1C87DE24FC}.Release|Win32.Build.0 = Release|Win32
		{2BEF33FA-A398-4115-A6AB-AE1C87DE24FC}.MinSizeRel|Win32.ActiveCfg = MinSizeRel|Win32
		{2BEF33FA-A398-4115-A6AB-AE1C87DE24FC}.MinSizeRel|Win32.Build.0 = MinSizeRel|Win32
		{2BEF33FA-A398-4115-A6AB-AE1C87DE24FC}.RelWithDebInfo|Win32.ActiveCfg = RelWithDebInfo|Win32
		{2BEF33FA-A398-4115-A6AB-AE1C87DE24FC}.RelWithDebInfo|Win32.Build.0 = RelWithDebInfo|Win32
	EndGlobalSection
	GlobalSection(ExtensibilityGlobals) = postSolution
	EndGlobalSection
	GlobalSection(ExtensibilityAddIns) = postSolution
	EndGlobalSection
EndGlobal
